{
  "registry": "blamechris/skill-templates",
  "skills": {
    "agent-review": {
      "hash": "5c35725",
      "installed": "2026-08-03",
      "profileHash": "269ded2",
      "targets": [
        "claude",
        "gemini",
        "codex"
      ]
    },
    "catchup": {
      "hash": "3f7f775",
      "installed": "2026-08-03",
      "profileHash": "269ded2",
      "targets": [
        "claude",
        "codex"
      ]
    },
    "check-pr": {
      "hash": "cc062bc",
      "installed": "2026-08-03",
      "profileHash": "269ded2",
      "targets": [
        "claude",
        "gemini",
        "codex"
      ]
    },
    "create-issue": {
      "hash": "12b011f",
      "installed": "2026-08-03",
      "profileHash": "269ded2",
      "targets": [
        "claude",
        "codex"
      ]
    },
    "create-pr": {
      "hash": "af9c1e4",
      "installed": "2026-08-03",
      "profileHash": "269ded2",
      "targets": [
        "claude",
        "gemini",
        "codex"
      ]
    },
    "fix-ci": {
      "hash": "af9c1e4",
      "installed": "2026-08-03",
      "profileHash": "269ded2",
      "targets": [
        "claude",
        "gemini",
        "codex"
      ]
    },
    "full-review": {
      "hash": "2a99a0c",
      "installed": "2026-08-03",
      "profileHash": "269ded2",
      "targets": [
        "claude",
        "gemini",
        "codex"
      ]
    },
    "learn": {
      "hash": "df2de5e",
      "installed": "2026-08-03",
      "profileHash": "269ded2",
      "targets": [
        "claude",
        "gemini",
        "codex"
      ]
    },
    "session-lifecycle": {
      "hash": "af9c1e4",
      "installed": "2026-08-03",
      "profileHash": "269ded2",
      "targets": [
        "claude",
        "gemini",
        "codex"
      ]
    },
    "skill": {
      "hash": "af9c1e4",
      "installed": "2026-08-03",
      "profileHash": "269ded2",
      "targets": [
        "claude",
        "codex"
      ]
    },
    "tiered-delegation": {
      "hash": "8196307",
      "installed": "2026-08-03",
      "profileHash": "269ded2",
      "targets": [
        "claude",
        "gemini",
        "codex"
      ]
    },
    "visual-brief": {
      "hash": "b6ef0bc",
      "installed": "2026-08-03",
      "profileHash": "269ded2",
      "targets": [
        "claude",
        "codex"
      ]
    }
  }
}
