{
  "registry": "blamechris/skill-templates",
  "skills": {
    "agent-review": {
      "hash": "a10ef75",
      "installed": "2026-07-25",
      "profileHash": "1a0dd88",
      "targets": [
        "claude",
        "gemini",
        "codex"
      ]
    },
    "catchup": {
      "hash": "3f7f775",
      "installed": "2026-08-01",
      "profileHash": "cdb7807",
      "targets": [
        "claude",
        "codex"
      ]
    },
    "check-pr": {
      "hash": "cc062bc",
      "installed": "2026-07-25",
      "profileHash": "1a0dd88",
      "targets": [
        "claude",
        "gemini",
        "codex"
      ]
    },
    "create-issue": {
      "hash": "12b011f",
      "installed": "2026-07-25",
      "profileHash": "1a0dd88",
      "targets": [
        "claude",
        "gemini",
        "codex"
      ]
    },
    "create-pr": {
      "hash": "12b011f",
      "installed": "2026-07-25",
      "profileHash": "1a0dd88",
      "targets": [
        "claude",
        "gemini",
        "codex"
      ]
    },
    "fix-ci": {
      "hash": "3768ea6",
      "installed": "2026-07-25",
      "profileHash": "1a0dd88",
      "targets": [
        "claude",
        "gemini",
        "codex"
      ]
    },
    "full-review": {
      "hash": "1e5962e",
      "installed": "2026-07-25",
      "profileHash": "1a0dd88",
      "targets": [
        "claude",
        "gemini",
        "codex"
      ]
    },
    "learn": {
      "hash": "df2de5e",
      "installed": "2026-08-01",
      "profileHash": "cdb7807",
      "targets": [
        "claude",
        "gemini",
        "codex"
      ]
    },
    "session-lifecycle": {
      "hash": "a60ffaf",
      "installed": "2026-08-01",
      "profileHash": "cdb7807",
      "targets": [
        "claude",
        "gemini",
        "codex"
      ]
    },
    "skill": {
      "hash": "ea888eb",
      "installed": "2026-07-25",
      "profileHash": "1a0dd88",
      "targets": [
        "claude",
        "gemini",
        "codex"
      ]
    },
    "tiered-delegation": {
      "hash": "0389e93",
      "installed": "2026-07-25",
      "profileHash": "1a0dd88",
      "targets": [
        "claude",
        "gemini",
        "codex"
      ]
    },
    "visual-brief": {
      "hash": "a4c08cb",
      "installed": "2026-07-25",
      "profileHash": "1a0dd88",
      "targets": [
        "claude",
        "gemini",
        "codex"
      ]
    }
  }
}
